
Microsoft Visual Studio Solution File, Format Version 12.00
# Visual Studio Version 17
VisualStudioVersion = 17.8.34525.116
MinimumVisualStudioVersion = 10.0.40219.1
Project("{FAE04EC0-301F-11D3-BF4B-00C04F79EFBC}") = "CLIQuiz", "CLIQuiz\CLIQuiz.csproj", "{8ED98A5A-DF1A-4357-858D-F788F73BB19F}"
EndProject
Global
	GlobalSection(SolutionConfigurationPlatforms) = preSolution
		Debug|Any CPU = Debug|Any CPU
		Release|Any CPU = Release|Any CPU
	EndGlobalSection
	GlobalSection(ProjectConfigurationPlatforms) = postSolution
		{8ED98A5A-DF1A-4357-858D-F788F73BB19F}.Debug|Any CPU.ActiveCfg = Debug|Any CPU
		{8ED98A5A-DF1A-4357-858D-F788F73BB19F}.Debug|Any CPU.Build.0 = Debug|Any CPU
		{8ED98A5A-DF1A-4357-858D-F788F73BB19F}.Release|Any CPU.ActiveCfg = Release|Any CPU
		{8ED98A5A-DF1A-4357-858D-F788F73BB19F}.Release|Any CPU.Build.0 = Release|Any CPU
	EndGlobalSection
	GlobalSection(SolutionProperties) = preSolution
		HideSolutionNode = FALSE
	EndGlobalSection
	GlobalSection(ExtensibilityGlobals) = postSolution
		SolutionGuid = {A3E412D7-9C40-4097-A812-9323923F8472}
	EndGlobalSection
EndGlobal
